
Microsoft Visual Studio Solution File, Format Version 12.00
# Visual Studio Version 16
VisualStudioVersion = 16.0.31313.79
MinimumVisualStudioVersion = 10.0.40219.1
Project("{FAE04EC0-301F-11D3-BF4B-00C04F79EFBC}") = "NBMinerMonitor", "NBMinerMonitor\NBMinerMonitor.csproj", "{FD21842F-67FB-4FF3-953D-C91422CEB7C3}"
EndProject
Global
	GlobalSection(SolutionConfigurationPlatforms) = preSolution
		Debug|Any CPU = Debug|Any CPU
		Release|Any CPU = Release|Any CPU
	EndGlobalSection
	GlobalSection(ProjectConfigurationPlatforms) = postSolution
		{FD21842F-67FB-4FF3-953D-C91422CEB7C3}.Debug|Any CPU.ActiveCfg = Debug|Any CPU
		{FD21842F-67FB-4FF3-953D-C91422CEB7C3}.Debug|Any CPU.Build.0 = Debug|Any CPU
		{FD21842F-67FB-4FF3-953D-C91422CEB7C3}.Release|Any CPU.ActiveCfg = Release|Any CPU
		{FD21842F-67FB-4FF3-953D-C91422CEB7C3}.Release|Any CPU.Build.0 = Release|Any CPU
	EndGlobalSection
	GlobalSection(SolutionProperties) = preSolution
		HideSolutionNode = FALSE
	EndGlobalSection
	GlobalSection(ExtensibilityGlobals) = postSolution
		SolutionGuid = {314C571B-BF53-4AB3-AA08-76280579AEEF}
	EndGlobalSection
EndGlobal
